// !$*UTF8*$!
{
	archiveVersion = 1;
	classes = {
	};
	objectVersion = 48;
	objects = {

/* Begin PBXBuildFile section */
		4E21DE431F9C620500E34203 /* ReportListViewController.swift in Sources */ = {isa = PBXBuildFile; fileRef = 4E21DE421F9C620500E34203 /* ReportListViewController.swift */; };
		4E21DE451F9C676600E34203 /* ReportUploadViewController.swift in Sources */ = {isa = PBXBuildFile; fileRef = 4E21DE441F9C676600E34203 /* ReportUploadViewController.swift */; };
		4E4AB4941F95CD9D008E90B3 /* PostTableViewCell.swift in Sources */ = {isa = PBXBuildFile; fileRef = 4E4AB4931F95CD9D008E90B3 /* PostTableViewCell.swift */; };
		4E4AB4961F95E1C4008E90B3 /* PostDetailViewController.swift in Sources */ = {isa = PBXBuildFile; fileRef = 4E4AB4951F95E1C4008E90B3 /* PostDetailViewController.swift */; };
		4E4AB49A1F95F4B4008E90B3 /* PostDetailImageTableViewCell.swift in Sources */ = {isa = PBXBuildFile; fileRef = 4E4AB4991F95F4B4008E90B3 /* PostDetailImageTableViewCell.swift */; };
		4E4CA5FA1F9DFB9F0041A680 /* ImageInfo.swift in Sources */ = {isa = PBXBuildFile; fileRef = 4E4CA5F91F9DFB9E0041A680 /* ImageInfo.swift */; };
		4E835F011F9230A700BFA6BD /* Post.swift in Sources */ = {isa = PBXBuildFile; fileRef = 4E835F001F9230A700BFA6BD /* Post.swift */; };
		4E835F021F9230A700BFA6BD /* Post.swift in Sources */ = {isa = PBXBuildFile; fileRef = 4E835F001F9230A700BFA6BD /* Post.swift */; };
		4EAE9AA91F91DCE700499B18 /* AppDelegate.swift in Sources */ = {isa = PBXBuildFile; fileRef = 4EAE9AA81F91DCE700499B18 /* AppDelegate.swift */; };
		4EAE9AAB1F91DCE700499B18 /* ViewController.swift in Sources */ = {isa = PBXBuildFile; fileRef = 4EAE9AAA1F91DCE700499B18 /* ViewController.swift */; };
		4EAE9AAE1F91DCE700499B18 /* Main.storyboard in Resources */ = {isa = PBXBuildFile; fileRef = 4EAE9AAC1F91DCE700499B18 /* Main.storyboard */; };
		4EAE9AB11F91DCE700499B18 /* papao_ios.xcdatamodeld in Sources */ = {isa = PBXBuildFile; fileRef = 4EAE9AAF1F91DCE700499B18 /* papao_ios.xcdatamodeld */; };
		4EAE9AB31F91DCE700499B18 /* Assets.xcassets in Resources */ = {isa = PBXBuildFile; fileRef = 4EAE9AB21F91DCE700499B18 /* Assets.xcassets */; };
		4EAE9AB61F91DCE700499B18 /* LaunchScreen.storyboard in Resources */ = {isa = PBXBuildFile; fileRef = 4EAE9AB41F91DCE700499B18 /* LaunchScreen.storyboard */; };
		4EAE9AC11F91DCE700499B18 /* papao_iosTests.swift in Sources */ = {isa = PBXBuildFile; fileRef = 4EAE9AC01F91DCE700499B18 /* papao_iosTests.swift */; };
		4EAE9ACC1F91DCE700499B18 /* papao_iosUITests.swift in Sources */ = {isa = PBXBuildFile; fileRef = 4EAE9ACB1F91DCE700499B18 /* papao_iosUITests.swift */; };
		4EB11FDE1F98C82A0058B863 /* PostDetailTextTableViewCell.swift in Sources */ = {isa = PBXBuildFile; fileRef = 4EB11FDD1F98C82A0058B863 /* PostDetailTextTableViewCell.swift */; };
		4EB11FE01F98C8950058B863 /* PostDetailButtonTableViewCell.swift in Sources */ = {isa = PBXBuildFile; fileRef = 4EB11FDF1F98C8950058B863 /* PostDetailButtonTableViewCell.swift */; };
		DCF28AB228872F9075DF9F98 /* Pods_papao_ios.framework in Frameworks */ = {isa = PBXBuildFile; fileRef = 3AA2953E5DA39B051ADB1193 /* Pods_papao_ios.framework */; };
/* End PBXBuildFile section */

/* Begin PBXContainerItemProxy section */
		4EAE9ABD1F91DCE700499B18 /* PBXContainerItemProxy */ = {
			isa = PBXContainerItemProxy;
			containerPortal = 4EAE9A9D1F91DCE700499B18 /* Project object */;
			proxyType = 1;
			remoteGlobalIDString = 4EAE9AA41F91DCE700499B18;
			remoteInfo = "papao-ios";
		};
		4EAE9AC81F91DCE700499B18 /* PBXContainerItemProxy */ = {
			isa = PBXContainerItemProxy;
			containerPortal = 4EAE9A9D1F91DCE700499B18 /* Project object */;
			proxyType = 1;
			remoteGlobalIDString = 4EAE9AA41F91DCE700499B18;
			remoteInfo = "papao-ios";
		};
/* End PBXContainerItemProxy section */

/* Begin PBXFileReference section */
		3AA2953E5DA39B051ADB1193 /* Pods_papao_ios.framework */ = {isa = PBXFileReference; explicitFileType = wrapper.framework; includeInIndex = 0; path = Pods_papao_ios.framework; sourceTree = BUILT_PRODUCTS_DIR; };
		4E21DE421F9C620500E34203 /* ReportListViewController.swift */ = {isa = PBXFileReference; lastKnownFileType = sourcecode.swift; path = ReportListViewController.swift; sourceTree = "<group>"; };
		4E21DE441F9C676600E34203 /* ReportUploadViewController.swift */ = {isa = PBXFileReference; lastKnownFileType = sourcecode.swift; path = ReportUploadViewController.swift; sourceTree = "<group>"; };
		4E4AB4931F95CD9D008E90B3 /* PostTableViewCell.swift */ = {isa = PBXFileReference; lastKnownFileType = sourcecode.swift; path = PostTableViewCell.swift; sourceTree = "<group>"; };
		4E4AB4951F95E1C4008E90B3 /* PostDetailViewController.swift */ = {isa = PBXFileReference; lastKnownFileType = sourcecode.swift; path = PostDetailViewController.swift; sourceTree = "<group>"; };
		4E4AB4991F95F4B4008E90B3 /* PostDetailImageTableViewCell.swift */ = {isa = PBXFileReference; lastKnownFileType = sourcecode.swift; path = PostDetailImageTableViewCell.swift; sourceTree = "<group>"; };
		4E4CA5F91F9DFB9E0041A680 /* ImageInfo.swift */ = {isa = PBXFileReference; lastKnownFileType = sourcecode.swift; path = ImageInfo.swift; sourceTree = "<group>"; };
		4E835F001F9230A700BFA6BD /* Post.swift */ = {isa = PBXFileReference; lastKnownFileType = sourcecode.swift; path = Post.swift; sourceTree = "<group>"; };
		4EAE9AA51F91DCE700499B18 /* papao-ios.app */ = {isa = PBXFileReference; explicitFileType = wrapper.application; includeInIndex = 0; path = "papao-ios.app"; sourceTree = BUILT_PRODUCTS_DIR; };
		4EAE9AA81F91DCE700499B18 /* AppDelegate.swift */ = {isa = PBXFileReference; lastKnownFileType = sourcecode.swift; path = AppDelegate.swift; sourceTree = "<group>"; };
		4EAE9AAA1F91DCE700499B18 /* ViewController.swift */ = {isa = PBXFileReference; lastKnownFileType = sourcecode.swift; path = ViewController.swift; sourceTree = "<group>"; };
		4EAE9AAD1F91DCE700499B18 /* Base */ = {isa = PBXFileReference; lastKnownFileType = file.storyboard; name = Base; path = Base.lproj/Main.storyboard; sourceTree = "<group>"; };
		4EAE9AB01F91DCE700499B18 /* papao_ios.xcdatamodel */ = {isa = PBXFileReference; lastKnownFileType = wrapper.xcdatamodel; path = papao_ios.xcdatamodel; sourceTree = "<group>"; };
		4EAE9AB21F91DCE700499B18 /* Assets.xcassets */ = {isa = PBXFileReference; lastKnownFileType = folder.assetcatalog; path = Assets.xcassets; sourceTree = "<group>"; };
		4EAE9AB51F91DCE700499B18 /* Base */ = {isa = PBXFileReference; lastKnownFileType = file.storyboard; name = Base; path = Base.lproj/LaunchScreen.storyboard; sourceTree = "<group>"; };
		4EAE9AB71F91DCE700499B18 /* Info.plist */ = {isa = PBXFileReference; lastKnownFileType = text.plist.xml; path = Info.plist; sourceTree = "<group>"; };
		4EAE9ABC1F91DCE700499B18 /* papao-iosTests.xctest */ = {isa = PBXFileReference; explicitFileType = wrapper.cfbundle; includeInIndex = 0; path = "papao-iosTests.xctest"; sourceTree = BUILT_PRODUCTS_DIR; };
		4EAE9AC01F91DCE700499B18 /* papao_iosTests.swift */ = {isa = PBXFileReference; lastKnownFileType = sourcecode.swift; path = papao_iosTests.swift; sourceTree = "<group>"; };
		4EAE9AC21F91DCE700499B18 /* Info.plist */ = {isa = PBXFileReference; lastKnownFileType = text.plist.xml; path = Info.plist; sourceTree = "<group>"; };
		4EAE9AC71F91DCE700499B18 /* papao-iosUITests.xctest */ = {isa = PBXFileReference; explicitFileType = wrapper.cfbundle; includeInIndex = 0; path = "papao-iosUITests.xctest"; sourceTree = BUILT_PRODUCTS_DIR; };
		4EAE9ACB1F91DCE700499B18 /* papao_iosUITests.swift */ = {isa = PBXFileReference; lastKnownFileType = sourcecode.swift; path = papao_iosUITests.swift; sourceTree = "<group>"; };
		4EAE9ACD1F91DCE700499B18 /* Info.plist */ = {isa = PBXFileReference; lastKnownFileType = text.plist.xml; path = Info.plist; sourceTree = "<group>"; };
		4EB11FDD1F98C82A0058B863 /* PostDetailTextTableViewCell.swift */ = {isa = PBXFileReference; lastKnownFileType = sourcecode.swift; path = PostDetailTextTableViewCell.swift; sourceTree = "<group>"; };
		4EB11FDF1F98C8950058B863 /* PostDetailButtonTableViewCell.swift */ = {isa = PBXFileReference; lastKnownFileType = sourcecode.swift; path = PostDetailButtonTableViewCell.swift; sourceTree = "<group>"; };
		66FD528DA35404BC358B8CFE /* Pods-papao-ios.debug.xcconfig */ = {isa = PBXFileReference; includeInIndex = 1; lastKnownFileType = text.xcconfig; name = "Pods-papao-ios.debug.xcconfig"; path = "Pods/Target Support Files/Pods-papao-ios/Pods-papao-ios.debug.xcconfig"; sourceTree = "<group>"; };
		D57216B34D152BFC8ED3059B /* Pods-papao-ios.release.xcconfig */ = {isa = PBXFileReference; includeInIndex = 1; lastKnownFileType = text.xcconfig; name = "Pods-papao-ios.release.xcconfig"; path = "Pods/Target Support Files/Pods-papao-ios/Pods-papao-ios.release.xcconfig"; sourceTree = "<group>"; };
/* End PBXFileReference section */

/* Begin PBXFrameworksBuildPhase section */
		4EAE9AA21F91DCE700499B18 /* Frameworks */ = {
			isa = PBXFrameworksBuildPhase;
			buildActionMask = 2147483647;
			files = (
				DCF28AB228872F9075DF9F98 /* Pods_papao_ios.framework in Frameworks */,
			);
			runOnlyForDeploymentPostprocessing = 0;
		};
		4EAE9AB91F91DCE700499B18 /* Frameworks */ = {
			isa = PBXFrameworksBuildPhase;
			buildActionMask = 2147483647;
			files = (
			);
			runOnlyForDeploymentPostprocessing = 0;
		};
		4EAE9AC41F91DCE700499B18 /* Frameworks */ = {
			isa = PBXFrameworksBuildPhase;
			buildActionMask = 2147483647;
			files = (
			);
			runOnlyForDeploymentPostprocessing = 0;
		};
/* End PBXFrameworksBuildPhase section */

/* Begin PBXGroup section */
		2828F5352F55D0AAA070CED4 /* Pods */ = {
			isa = PBXGroup;
			children = (
				66FD528DA35404BC358B8CFE /* Pods-papao-ios.debug.xcconfig */,
				D57216B34D152BFC8ED3059B /* Pods-papao-ios.release.xcconfig */,
			);
			name = Pods;
			sourceTree = "<group>";
		};
		4E835EFD1F92307900BFA6BD /* Models */ = {
			isa = PBXGroup;
			children = (
				4E835F001F9230A700BFA6BD /* Post.swift */,
				4E4CA5F91F9DFB9E0041A680 /* ImageInfo.swift */,
			);
			path = Models;
			sourceTree = "<group>";
		};
		4EAE9A9C1F91DCE700499B18 = {
			isa = PBXGroup;
			children = (
				4EAE9AA71F91DCE700499B18 /* papao-ios */,
				4EAE9ABF1F91DCE700499B18 /* papao-iosTests */,
				4EAE9ACA1F91DCE700499B18 /* papao-iosUITests */,
				4EAE9AA61F91DCE700499B18 /* Products */,
				2828F5352F55D0AAA070CED4 /* Pods */,
				EF54A41229C9B6A69EFEEEAE /* Frameworks */,
			);
			sourceTree = "<group>";
		};
		4EAE9AA61F91DCE700499B18 /* Products */ = {
			isa = PBXGroup;
			children = (
				4EAE9AA51F91DCE700499B18 /* papao-ios.app */,
				4EAE9ABC1F91DCE700499B18 /* papao-iosTests.xctest */,
				4EAE9AC71F91DCE700499B18 /* papao-iosUITests.xctest */,
			);
			name = Products;
			sourceTree = "<group>";
		};
		4EAE9AA71F91DCE700499B18 /* papao-ios */ = {
			isa = PBXGroup;
			children = (
				4E835EFD1F92307900BFA6BD /* Models */,
				4EAE9AA81F91DCE700499B18 /* AppDelegate.swift */,
				4E4AB4951F95E1C4008E90B3 /* PostDetailViewController.swift */,
				4EAE9AAA1F91DCE700499B18 /* ViewController.swift */,
				4EAE9AAC1F91DCE700499B18 /* Main.storyboard */,
				4E21DE441F9C676600E34203 /* ReportUploadViewController.swift */,
				4E21DE421F9C620500E34203 /* ReportListViewController.swift */,
				4E4AB4991F95F4B4008E90B3 /* PostDetailImageTableViewCell.swift */,
				4EB11FDD1F98C82A0058B863 /* PostDetailTextTableViewCell.swift */,
				4EB11FDF1F98C8950058B863 /* PostDetailButtonTableViewCell.swift */,
				4E4AB4931F95CD9D008E90B3 /* PostTableViewCell.swift */,
				4EAE9AB21F91DCE700499B18 /* Assets.xcassets */,
				4EAE9AB41F91DCE700499B18 /* LaunchScreen.storyboard */,
				4EAE9AB71F91DCE700499B18 /* Info.plist */,
				4EAE9AAF1F91DCE700499B18 /* papao_ios.xcdatamodeld */,
			);
			path = "papao-ios";
			sourceTree = "<group>";
		};
		4EAE9ABF1F91DCE700499B18 /* papao-iosTests */ = {
			isa = PBXGroup;
			children = (
				4EAE9AC01F91DCE700499B18 /* papao_iosTests.swift */,
				4EAE9AC21F91DCE700499B18 /* Info.plist */,
			);
			path = "papao-iosTests";
			sourceTree = "<group>";
		};
		4EAE9ACA1F91DCE700499B18 /* papao-iosUITests */ = {
			isa = PBXGroup;
			children = (
				4EAE9ACB1F91DCE700499B18 /* papao_iosUITests.swift */,
				4EAE9ACD1F91DCE700499B18 /* Info.plist */,
			);
			path = "papao-iosUITests";
			sourceTree = "<group>";
		};
		EF54A41229C9B6A69EFEEEAE /* Frameworks */ = {
			isa = PBXGroup;
			children = (
				3AA2953E5DA39B051ADB1193 /* Pods_papao_ios.framework */,
			);
			name = Frameworks;
			sourceTree = "<group>";
		};
/* End PBXGroup section */

/* Begin PBXNativeTarget section */
		4EAE9AA41F91DCE700499B18 /* papao-ios */ = {
			isa = PBXNativeTarget;
			buildConfigurationList = 4EAE9AD01F91DCE700499B18 /* Build configuration list for PBXNativeTarget "papao-ios" */;
			buildPhases = (
				97416437B72357137F5DC6E6 /* [CP] Check Pods Manifest.lock */,
				4EAE9AA11F91DCE700499B18 /* Sources */,
				4EAE9AA21F91DCE700499B18 /* Frameworks */,
				4EAE9AA31F91DCE700499B18 /* Resources */,
				89C7EA8CE68F5D41B9D05B3F /* [CP] Embed Pods Frameworks */,
				FD7F36EF9E447E8ACEDC4EAA /* [CP] Copy Pods Resources */,
			);
			buildRules = (
			);
			dependencies = (
			);
			name = "papao-ios";
			productName = "papao-ios";
			productReference = 4EAE9AA51F91DCE700499B18 /* papao-ios.app */;
			productType = "com.apple.product-type.application";
		};
		4EAE9ABB1F91DCE700499B18 /* papao-iosTests */ = {
			isa = PBXNativeTarget;
			buildConfigurationList = 4EAE9AD31F91DCE700499B18 /* Build configuration list for PBXNativeTarget "papao-iosTests" */;
			buildPhases = (
				4EAE9AB81F91DCE700499B18 /* Sources */,
				4EAE9AB91F91DCE700499B18 /* Frameworks */,
				4EAE9ABA1F91DCE700499B18 /* Resources */,
			);
			buildRules = (
			);
			dependencies = (
				4EAE9ABE1F91DCE700499B18 /* PBXTargetDependency */,
			);
			name = "papao-iosTests";
			productName = "papao-iosTests";
			productReference = 4EAE9ABC1F91DCE700499B18 /* papao-iosTests.xctest */;
			productType = "com.apple.product-type.bundle.unit-test";
		};
		4EAE9AC61F91DCE700499B18 /* papao-iosUITests */ = {
			isa = PBXNativeTarget;
			buildConfigurationList = 4EAE9AD61F91DCE700499B18 /* Build configuration list for PBXNativeTarget "papao-iosUITests" */;
			buildPhases = (
				4EAE9AC31F91DCE700499B18 /* Sources */,
				4EAE9AC41F91DCE700499B18 /* Frameworks */,
				4EAE9AC51F91DCE700499B18 /* Resources */,
			);
			buildRules = (
			);
			dependencies = (
				4EAE9AC91F91DCE700499B18 /* PBXTargetDependency */,
			);
			name = "papao-iosUITests";
			productName = "papao-iosUITests";
			productReference = 4EAE9AC71F91DCE700499B18 /* papao-iosUITests.xctest */;
			productType = "com.apple.product-type.bundle.ui-testing";
		};
/* End PBXNativeTarget section */

/* Begin PBXProject section */
		4EAE9A9D1F91DCE700499B18 /* Project object */ = {
			isa = PBXProject;
			attributes = {
				LastSwiftUpdateCheck = 0900;
				LastUpgradeCheck = 0900;
				ORGANIZATIONNAME = papaolabs;
				TargetAttributes = {
					4EAE9AA41F91DCE700499B18 = {
						CreatedOnToolsVersion = 9.0;
						ProvisioningStyle = Automatic;
					};
					4EAE9ABB1F91DCE700499B18 = {
						CreatedOnToolsVersion = 9.0;
						ProvisioningStyle = Automatic;
						TestTargetID = 4EAE9AA41F91DCE700499B18;
					};
					4EAE9AC61F91DCE700499B18 = {
						CreatedOnToolsVersion = 9.0;
						ProvisioningStyle = Automatic;
						TestTargetID = 4EAE9AA41F91DCE700499B18;
					};
				};
			};
			buildConfigurationList = 4EAE9AA01F91DCE700499B18 /* Build configuration list for PBXProject "papao-ios" */;
			compatibilityVersion = "Xcode 8.0";
			developmentRegion = en;
			hasScannedForEncodings = 0;
			knownRegions = (
				en,
				Base,
			);
			mainGroup = 4EAE9A9C1F91DCE700499B18;
			productRefGroup = 4EAE9AA61F91DCE700499B18 /* Products */;
			projectDirPath = "";
			projectRoot = "";
			targets = (
				4EAE9AA41F91DCE700499B18 /* papao-ios */,
				4EAE9ABB1F91DCE700499B18 /* papao-iosTests */,
				4EAE9AC61F91DCE700499B18 /* papao-iosUITests */,
			);
		};
/* End PBXProject section */

/* Begin PBXResourcesBuildPhase section */
		4EAE9AA31F91DCE700499B18 /* Resources */ = {
			isa = PBXResourcesBuildPhase;
			buildActionMask = 2147483647;
			files = (
				4EAE9AB61F91DCE700499B18 /* LaunchScreen.storyboard in Resources */,
				4EAE9AB31F91DCE700499B18 /* Assets.xcassets in Resources */,
				4EAE9AAE1F91DCE700499B18 /* Main.storyboard in Resources */,
			);
			runOnlyForDeploymentPostprocessing = 0;
		};
		4EAE9ABA1F91DCE700499B18 /* Resources */ = {
			isa = PBXResourcesBuildPhase;
			buildActionMask = 2147483647;
			files = (
			);
			runOnlyForDeploymentPostprocessing = 0;
		};
		4EAE9AC51F91DCE700499B18 /* Resources */ = {
			isa = PBXResourcesBuildPhase;
			buildActionMask = 2147483647;
			files = (
			);
			runOnlyForDeploymentPostprocessing = 0;
		};
/* End PBXResourcesBuildPhase section */

/* Begin PBXShellScriptBuildPhase section */
		89C7EA8CE68F5D41B9D05B3F /* [CP] Embed Pods Frameworks */ = {
			isa = PBXShellScriptBuildPhase;
			buildActionMask = 2147483647;
			files = (
			);
			inputPaths = (
				"${SRCROOT}/Pods/Target Support Files/Pods-papao-ios/Pods-papao-ios-frameworks.sh",
				"${BUILT_PRODUCTS_DIR}/Alamofire/Alamofire.framework",
			);
			name = "[CP] Embed Pods Frameworks";
			outputPaths = (
				"${TARGET_BUILD_DIR}/${FRAMEWORKS_FOLDER_PATH}/Alamofire.framework",
			);
			runOnlyForDeploymentPostprocessing = 0;
			shellPath = /bin/sh;
			shellScript = "\"${SRCROOT}/Pods/Target Support Files/Pods-papao-ios/Pods-papao-ios-frameworks.sh\"\n";
			showEnvVarsInLog = 0;
		};
		97416437B72357137F5DC6E6 /* [CP] Check Pods Manifest.lock */ = {
			isa = PBXShellScriptBuildPhase;
			buildActionMask = 2147483647;
			files = (
			);
			inputPaths = (
				"${PODS_PODFILE_DIR_PATH}/Podfile.lock",
				"${PODS_ROOT}/Manifest.lock",
			);
			name = "[CP] Check Pods Manifest.lock";
			outputPaths = (
				"$(DERIVED_FILE_DIR)/Pods-papao-ios-checkManifestLockResult.txt",
			);
			runOnlyForDeploymentPostprocessing = 0;
			shellPath = /bin/sh;
			shellScript = "diff \"${PODS_PODFILE_DIR_PATH}/Podfile.lock\" \"${PODS_ROOT}/Manifest.lock\" > /dev/null\nif [ $? != 0 ] ; then\n    # print error to STDERR\n    echo \"error: The sandbox is not in sync with the Podfile.lock. Run 'pod install' or update your CocoaPods installation.\" >&2\n    exit 1\nfi\n# This output is used by Xcode 'outputs' to avoid re-running this script phase.\necho \"SUCCESS\" > \"${SCRIPT_OUTPUT_FILE_0}\"\n";
			showEnvVarsInLog = 0;
		};
		FD7F36EF9E447E8ACEDC4EAA /* [CP] Copy Pods Resources */ = {
			isa = PBXShellScriptBuildPhase;
			buildActionMask = 2147483647;
			files = (
			);
			inputPaths = (
			);
			name = "[CP] Copy Pods Resources";
			outputPaths = (
			);
			runOnlyForDeploymentPostprocessing = 0;
			shellPath = /bin/sh;
			shellScript = "\"${SRCROOT}/Pods/Target Support Files/Pods-papao-ios/Pods-papao-ios-resources.sh\"\n";
			showEnvVarsInLog = 0;
		};
/* End PBXShellScriptBuildPhase section */

/* Begin PBXSourcesBuildPhase section */
		4EAE9AA11F91DCE700499B18 /* Sources */ = {
			isa = PBXSourcesBuildPhase;
			buildActionMask = 2147483647;
			files = (
				4EAE9AAB1F91DCE700499B18 /* ViewController.swift in Sources */,
				4EB11FE01F98C8950058B863 /* PostDetailButtonTableViewCell.swift in Sources */,
				4E4AB4961F95E1C4008E90B3 /* PostDetailViewController.swift in Sources */,
				4EAE9AB11F91DCE700499B18 /* papao_ios.xcdatamodeld in Sources */,
				4E4AB4941F95CD9D008E90B3 /* PostTableViewCell.swift in Sources */,
				4E4AB49A1F95F4B4008E90B3 /* PostDetailImageTableViewCell.swift in Sources */,
				4EB11FDE1F98C82A0058B863 /* PostDetailTextTableViewCell.swift in Sources */,
				4EAE9AA91F91DCE700499B18 /* AppDelegate.swift in Sources */,
				4E21DE431F9C620500E34203 /* ReportListViewController.swift in Sources */,
				4E4CA5FA1F9DFB9F0041A680 /* ImageInfo.swift in Sources */,
				4E21DE451F9C676600E34203 /* ReportUploadViewController.swift in Sources */,
				4E835F011F9230A700BFA6BD /* Post.swift in Sources */,
			);
			runOnlyForDeploymentPostprocessing = 0;
		};
		4EAE9AB81F91DCE700499B18 /* Sources */ = {
			isa = PBXSourcesBuildPhase;
			buildActionMask = 2147483647;
			files = (
				4EAE9AC11F91DCE700499B18 /* papao_iosTests.swift in Sources */,
				4E835F021F9230A700BFA6BD /* Post.swift in Sources */,
			);
			runOnlyForDeploymentPostprocessing = 0;
		};
		4EAE9AC31F91DCE700499B18 /* Sources */ = {
			isa = PBXSourcesBuildPhase;
			buildActionMask = 2147483647;
			files = (
				4EAE9ACC1F91DCE700499B18 /* papao_iosUITests.swift in Sources */,
			);
			runOnlyForDeploymentPostprocessing = 0;
		};
/* End PBXSourcesBuildPhase section */

/* Begin PBXTargetDependency section */
		4EAE9ABE1F91DCE700499B18 /* PBXTargetDependency */ = {
			isa = PBXTargetDependency;
			target = 4EAE9AA41F91DCE700499B18 /* papao-ios */;
			targetProxy = 4EAE9ABD1F91DCE700499B18 /* PBXContainerItemProxy */;
		};
		4EAE9AC91F91DCE700499B18 /* PBXTargetDependency */ = {
			isa = PBXTargetDependency;
			target = 4EAE9AA41F91DCE700499B18 /* papao-ios */;
			targetProxy = 4EAE9AC81F91DCE700499B18 /* PBXContainerItemProxy */;
		};
/* End PBXTargetDependency section */

/* Begin PBXVariantGroup section */
		4EAE9AAC1F91DCE700499B18 /* Main.storyboard */ = {
			isa = PBXVariantGroup;
			children = (
				4EAE9AAD1F91DCE700499B18 /* Base */,
			);
			name = Main.storyboard;
			sourceTree = "<group>";
		};
		4EAE9AB41F91DCE700499B18 /* LaunchScreen.storyboard */ = {
			isa = PBXVariantGroup;
			children = (
				4EAE9AB51F91DCE700499B18 /* Base */,
			);
			name = LaunchScreen.storyboard;
			sourceTree = "<group>";
		};
/* End PBXVariantGroup section */

/* Begin XCBuildConfiguration section */
		4EAE9ACE1F91DCE700499B18 /* Debug */ = {
			isa = XCBuildConfiguration;
			buildSettings = {
				ALWAYS_SEARCH_USER_PATHS = NO;
				CLANG_ANALYZER_NONNULL = YES;
				CLANG_ANALYZER_NUMBER_OBJECT_CONVERSION = YES_AGGRESSIVE;
				CLANG_CXX_LANGUAGE_STANDARD = "gnu++14";
				CLANG_CXX_LIBRARY = "libc++";
				CLANG_ENABLE_MODULES = YES;
				CLANG_ENABLE_OBJC_ARC = YES;
				CLANG_WARN_BLOCK_CAPTURE_AUTORELEASING = YES;
				CLANG_WARN_BOOL_CONVERSION = YES;
				CLANG_WARN_COMMA = YES;
				CLANG_WARN_CONSTANT_CONVERSION = YES;
				CLANG_WARN_DIRECT_OBJC_ISA_USAGE = YES_ERROR;
				CLANG_WARN_DOCUMENTATION_COMMENTS = YES;
				CLANG_WARN_EMPTY_BODY = YES;
				CLANG_WARN_ENUM_CONVERSION = YES;
				CLANG_WARN_INFINITE_RECURSION = YES;
				CLANG_WARN_INT_CONVERSION = YES;
				CLANG_WARN_NON_LITERAL_NULL_CONVERSION = YES;
				CLANG_WARN_OBJC_LITERAL_CONVERSION = YES;
				CLANG_WARN_OBJC_ROOT_CLASS = YES_ERROR;
				CLANG_WARN_RANGE_LOOP_ANALYSIS = YES;
				CLANG_WARN_STRICT_PROTOTYPES = YES;
				CLANG_WARN_SUSPICIOUS_MOVE = YES;
				CLANG_WARN_UNGUARDED_AVAILABILITY = YES_AGGRESSIVE;
				CLANG_WARN_UNREACHABLE_CODE = YES;
				CLANG_WARN__DUPLICATE_METHOD_MATCH = YES;
				CODE_SIGN_IDENTITY = "iPhone Developer";
				COPY_PHASE_STRIP = NO;
				DEBUG_INFORMATION_FORMAT = dwarf;
				ENABLE_STRICT_OBJC_MSGSEND = YES;
				ENABLE_TESTABILITY = YES;
				GCC_C_LANGUAGE_STANDARD = gnu11;
				GCC_DYNAMIC_NO_PIC = NO;
				GCC_NO_COMMON_BLOCKS = YES;
				GCC_OPTIMIZATION_LEVEL = 0;
				GCC_PREPROCESSOR_DEFINITIONS = (
					"DEBUG=1",
					"$(inherited)",
				);
				GCC_WARN_64_TO_32_BIT_CONVERSION = YES;
				GCC_WARN_ABOUT_RETURN_TYPE = YES_ERROR;
				GCC_WARN_UNDECLARED_SELECTOR = YES;
				GCC_WARN_UNINITIALIZED_AUTOS = YES_AGGRESSIVE;
				GCC_WARN_UNUSED_FUNCTION = YES;
				GCC_WARN_UNUSED_VARIABLE = YES;
				IPHONEOS_DEPLOYMENT_TARGET = 11.0;
				MTL_ENABLE_DEBUG_INFO = YES;
				ONLY_ACTIVE_ARCH = YES;
				SDKROOT = iphoneos;
				SWIFT_ACTIVE_COMPILATION_CONDITIONS = DEBUG;
				SWIFT_OPTIMIZATION_LEVEL = "-Onone";
			};
			name = Debug;
		};
		4EAE9ACF1F91DCE700499B18 /* Release */ = {
			isa = XCBuildConfiguration;
			buildSettings = {
				ALWAYS_SEARCH_USER_PATHS = NO;
				CLANG_ANALYZER_NONNULL = YES;
				CLANG_ANALYZER_NUMBER_OBJECT_CONVERSION = YES_AGGRESSIVE;
				CLANG_CXX_LANGUAGE_STANDARD = "gnu++14";
				CLANG_CXX_LIBRARY = "libc++";
				CLANG_ENABLE_MODULES = YES;
				CLANG_ENABLE_OBJC_ARC = YES;
				CLANG_WARN_BLOCK_CAPTURE_AUTORELEASING = YES;
				CLANG_WARN_BOOL_CONVERSION = YES;
				CLANG_WARN_COMMA = YES;
				CLANG_WARN_CONSTANT_CONVERSION = YES;
				CLANG_WARN_DIRECT_OBJC_ISA_USAGE = YES_ERROR;
				CLANG_WARN_DOCUMENTATION_COMMENTS = YES;
				CLANG_WARN_EMPTY_BODY = YES;
				CLANG_WARN_ENUM_CONVERSION = YES;
				CLANG_WARN_INFINITE_RECURSION = YES;
				CLANG_WARN_INT_CONVERSION = YES;
				CLANG_WARN_NON_LITERAL_NULL_CONVERSION = YES;
				CLANG_WARN_OBJC_LITERAL_CONVERSION = YES;
				CLANG_WARN_OBJC_ROOT_CLASS = YES_ERROR;
				CLANG_WARN_RANGE_LOOP_ANALYSIS = YES;
				CLANG_WARN_STRICT_PROTOTYPES = YES;
				CLANG_WARN_SUSPICIOUS_MOVE = YES;
				CLANG_WARN_UNGUARDED_AVAILABILITY = YES_AGGRESSIVE;
				CLANG_WARN_UNREACHABLE_CODE = YES;
				CLANG_WARN__DUPLICATE_METHOD_MATCH = YES;
				CODE_SIGN_IDENTITY = "iPhone Developer";
				COPY_PHASE_STRIP = NO;
				DEBUG_INFORMATION_FORMAT = "dwarf-with-dsym";
				ENABLE_NS_ASSERTIONS = NO;
				ENABLE_STRICT_OBJC_MSGSEND = YES;
				GCC_C_LANGUAGE_STANDARD = gnu11;
				GCC_NO_COMMON_BLOCKS = YES;
				GCC_WARN_64_TO_32_BIT_CONVERSION = YES;
				GCC_WARN_ABOUT_RETURN_TYPE = YES_ERROR;
				GCC_WARN_UNDECLARED_SELECTOR = YES;
				GCC_WARN_UNINITIALIZED_AUTOS = YES_AGGRESSIVE;
				GCC_WARN_UNUSED_FUNCTION = YES;
				GCC_WARN_UNUSED_VARIABLE = YES;
				IPHONEOS_DEPLOYMENT_TARGET = 11.0;
				MTL_ENABLE_DEBUG_INFO = NO;
				SDKROOT = iphoneos;
				SWIFT_OPTIMIZATION_LEVEL = "-Owholemodule";
				VALIDATE_PRODUCT = YES;
			};
			name = Release;
		};
		4EAE9AD11F91DCE700499B18 /* Debug */ = {
			isa = XCBuildConfiguration;
			baseConfigurationReference = 66FD528DA35404BC358B8CFE /* Pods-papao-ios.debug.xcconfig */;
			buildSettings = {
				ASSETCATALOG_COMPILER_APPICON_NAME = AppIcon;
				CODE_SIGN_STYLE = Automatic;
				DEVELOPMENT_TEAM = E5KH6XGE5T;
				INFOPLIST_FILE = "papao-ios/Info.plist";
				LD_RUNPATH_SEARCH_PATHS = "$(inherited) @executable_path/Frameworks";
				PRODUCT_BUNDLE_IDENTIFIER = "com.papaolabs.papao-ios";
				PRODUCT_NAME = "$(TARGET_NAME)";
				SWIFT_VERSION = 4.0;
				TARGETED_DEVICE_FAMILY = "1,2";
			};
			name = Debug;
		};
		4EAE9AD21F91DCE700499B18 /* Release */ = {
			isa = XCBuildConfiguration;
			baseConfigurationReference = D57216B34D152BFC8ED3059B /* Pods-papao-ios.release.xcconfig */;
			buildSettings = {
				ASSETCATALOG_COMPILER_APPICON_NAME = AppIcon;
				CODE_SIGN_STYLE = Automatic;
				DEVELOPMENT_TEAM = E5KH6XGE5T;
				INFOPLIST_FILE = "papao-ios/Info.plist";
				LD_RUNPATH_SEARCH_PATHS = "$(inherited) @executable_path/Frameworks";
				PRODUCT_BUNDLE_IDENTIFIER = "com.papaolabs.papao-ios";
				PRODUCT_NAME = "$(TARGET_NAME)";
				SWIFT_VERSION = 4.0;
				TARGETED_DEVICE_FAMILY = "1,2";
			};
			name = Release;
		};
		4EAE9AD41F91DCE700499B18 /* Debug */ = {
			isa = XCBuildConfiguration;
			buildSettings = {
				ALWAYS_EMBED_SWIFT_STANDARD_LIBRARIES = YES;
				BUNDLE_LOADER = "$(TEST_HOST)";
				CODE_SIGN_STYLE = Automatic;
				DEVELOPMENT_TEAM = E5KH6XGE5T;
				INFOPLIST_FILE = "papao-iosTests/Info.plist";
				LD_RUNPATH_SEARCH_PATHS = "$(inherited) @executable_path/Frameworks @loader_path/Frameworks";
				PRODUCT_BUNDLE_IDENTIFIER = "com.papaolabs.papao-iosTests";
				PRODUCT_NAME = "$(TARGET_NAME)";
				SWIFT_VERSION = 4.0;
				TARGETED_DEVICE_FAMILY = "1,2";
				TEST_HOST = "$(BUILT_PRODUCTS_DIR)/papao-ios.app/papao-ios";
			};
			name = Debug;
		};
		4EAE9AD51F91DCE700499B18 /* Release */ = {
			isa = XCBuildConfiguration;
			buildSettings = {
				ALWAYS_EMBED_SWIFT_STANDARD_LIBRARIES = YES;
				BUNDLE_LOADER = "$(TEST_HOST)";
				CODE_SIGN_STYLE = Automatic;
				DEVELOPMENT_TEAM = E5KH6XGE5T;
				INFOPLIST_FILE = "papao-iosTests/Info.plist";
				LD_RUNPATH_SEARCH_PATHS = "$(inherited) @executable_path/Frameworks @loader_path/Frameworks";
				PRODUCT_BUNDLE_IDENTIFIER = "com.papaolabs.papao-iosTests";
				PRODUCT_NAME = "$(TARGET_NAME)";
				SWIFT_VERSION = 4.0;
				TARGETED_DEVICE_FAMILY = "1,2";
				TEST_HOST = "$(BUILT_PRODUCTS_DIR)/papao-ios.app/papao-ios";
			};
			name = Release;
		};
		4EAE9AD71F91DCE700499B18 /* Debug */ = {
			isa = XCBuildConfiguration;
			buildSettings = {
				ALWAYS_EMBED_SWIFT_STANDARD_LIBRARIES = YES;
				CODE_SIGN_STYLE = Automatic;
				DEVELOPMENT_TEAM = E5KH6XGE5T;
				INFOPLIST_FILE = "papao-iosUITests/Info.plist";
				LD_RUNPATH_SEARCH_PATHS = "$(inherited) @executable_path/Frameworks @loader_path/Frameworks";
				PRODUCT_BUNDLE_IDENTIFIER = "com.papaolabs.papao-iosUITests";
				PRODUCT_NAME = "$(TARGET_NAME)";
				SWIFT_VERSION = 4.0;
				TARGETED_DEVICE_FAMILY = "1,2";
				TEST_TARGET_NAME = "papao-ios";
			};
			name = Debug;
		};
		4EAE9AD81F91DCE700499B18 /* Release */ = {
			isa = XCBuildConfiguration;
			buildSettings = {
				ALWAYS_EMBED_SWIFT_STANDARD_LIBRARIES = YES;
				CODE_SIGN_STYLE = Automatic;
				DEVELOPMENT_TEAM = E5KH6XGE5T;
				INFOPLIST_FILE = "papao-iosUITests/Info.plist";
				LD_RUNPATH_SEARCH_PATHS = "$(inherited) @executable_path/Frameworks @loader_path/Frameworks";
				PRODUCT_BUNDLE_IDENTIFIER = "com.papaolabs.papao-iosUITests";
				PRODUCT_NAME = "$(TARGET_NAME)";
				SWIFT_VERSION = 4.0;
				TARGETED_DEVICE_FAMILY = "1,2";
				TEST_TARGET_NAME = "papao-ios";
			};
			name = Release;
		};
/* End XCBuildConfiguration section */

/* Begin XCConfigurationList section */
		4EAE9AA01F91DCE700499B18 /* Build configuration list for PBXProject "papao-ios" */ = {
			isa = XCConfigurationList;
			buildConfigurations = (
				4EAE9ACE1F91DCE700499B18 /* Debug */,
				4EAE9ACF1F91DCE700499B18 /* Release */,
			);
			defaultConfigurationIsVisible = 0;
			defaultConfigurationName = Release;
		};
		4EAE9AD01F91DCE700499B18 /* Build configuration list for PBXNativeTarget "papao-ios" */ = {
			isa = XCConfigurationList;
			buildConfigurations = (
				4EAE9AD11F91DCE700499B18 /* Debug */,
				4EAE9AD21F91DCE700499B18 /* Release */,
			);
			defaultConfigurationIsVisible = 0;
			defaultConfigurationName = Release;
		};
		4EAE9AD31F91DCE700499B18 /* Build configuration list for PBXNativeTarget "papao-iosTests" */ = {
			isa = XCConfigurationList;
			buildConfigurations = (
				4EAE9AD41F91DCE700499B18 /* Debug */,
				4EAE9AD51F91DCE700499B18 /* Release */,
			);
			defaultConfigurationIsVisible = 0;
			defaultConfigurationName = Release;
		};
		4EAE9AD61F91DCE700499B18 /* Build configuration list for PBXNativeTarget "papao-iosUITests" */ = {
			isa = XCConfigurationList;
			buildConfigurations = (
				4EAE9AD71F91DCE700499B18 /* Debug */,
				4EAE9AD81F91DCE700499B18 /* Release */,
			);
			defaultConfigurationIsVisible = 0;
			defaultConfigurationName = Release;
		};
/* End XCConfigurationList section */

/* Begin XCVersionGroup section */
		4EAE9AAF1F91DCE700499B18 /* papao_ios.xcdatamodeld */ = {
			isa = XCVersionGroup;
			children = (
				4EAE9AB01F91DCE700499B18 /* papao_ios.xcdatamodel */,
			);
			currentVersion = 4EAE9AB01F91DCE700499B18 /* papao_ios.xcdatamodel */;
			path = papao_ios.xcdatamodeld;
			sourceTree = "<group>";
			versionGroupType = wrapper.xcdatamodel;
		};
/* End XCVersionGroup section */
	};
	rootObject = 4EAE9A9D1F91DCE700499B18 /* Project object */;
}
